
Microsoft Visual Studio Solution File, Format Version 12.00
# Visual Studio 15
VisualStudioVersion = 15.0.27130.2024
MinimumVisualStudioVersion = 10.0.40219.1
Project("{FAE04EC0-301F-11D3-BF4B-00C04F79EFBC}") = "AutoReview", "AutoReview.csproj", "{0E72BC78-9F45-4D16-9C5D-F8547ECE83EF}"
EndProject
Global
	GlobalSection(SolutionConfigurationPlatforms) = preSolution
		Debug|Any CPU = Debug|Any CPU
		Release|Any CPU = Release|Any CPU
	EndGlobalSection
	GlobalSection(ProjectConfigurationPlatforms) = postSolution
		{0E72BC78-9F45-4D16-9C5D-F8547ECE83EF}.Debug|Any CPU.ActiveCfg = Debug|Any CPU
		{0E72BC78-9F45-4D16-9C5D-F8547ECE83EF}.Debug|Any CPU.Build.0 = Debug|Any CPU
		{0E72BC78-9F45-4D16-9C5D-F8547ECE83EF}.Release|Any CPU.ActiveCfg = Release|Any CPU
		{0E72BC78-9F45-4D16-9C5D-F8547ECE83EF}.Release|Any CPU.Build.0 = Release|Any CPU
	EndGlobalSection
	GlobalSection(SolutionProperties) = preSolution
		HideSolutionNode = FALSE
	EndGlobalSection
	GlobalSection(ExtensibilityGlobals) = postSolution
		SolutionGuid = {3934FAE1-DAD7-46E8-A4B2-B607C5BA35CC}
	EndGlobalSection
EndGlobal
